
Microsoft Visual Studio Solution File, Format Version 12.00
# Visual Studio Version 17
VisualStudioVersion = 17.5.33627.172
MinimumVisualStudioVersion = 10.0.40219.1
Project("{9A19103F-16F7-4668-BE54-9A1E7A4F7556}") = "Library", "Library\Library.csproj", "{29608D53-08EB-42DD-A0B4-98CB176AAE9B}"
EndProject
Project("{FAE04EC0-301F-11D3-BF4B-00C04F79EFBC}") = "UnitTest", "UnitTest\UnitTest.csproj", "{CC825C4E-0F57-4298-A0CB-4566F7A8489C}"
EndProject
Project("{FAE04EC0-301F-11D3-BF4B-00C04F79EFBC}") = "ConsoleApp", "ConsoleApp1\ConsoleApp.csproj", "{13C2AF51-DD02-4DED-B57C-E4B25CCF318F}"
EndProject
Global
	GlobalSection(SolutionConfigurationPlatforms) = preSolution
		Debug|Any CPU = Debug|Any CPU
		Release|Any CPU = Release|Any CPU
	EndGlobalSection
	GlobalSection(ProjectConfigurationPlatforms) = postSolution
		{29608D53-08EB-42DD-A0B4-98CB176AAE9B}.Debug|Any CPU.ActiveCfg = Debug|Any CPU
		{29608D53-08EB-42DD-A0B4-98CB176AAE9B}.Debug|Any CPU.Build.0 = Debug|Any CPU
		{29608D53-08EB-42DD-A0B4-98CB176AAE9B}.Release|Any CPU.ActiveCfg = Release|Any CPU
		{29608D53-08EB-42DD-A0B4-98CB176AAE9B}.Release|Any CPU.Build.0 = Release|Any CPU
		{CC825C4E-0F57-4298-A0CB-4566F7A8489C}.Debug|Any CPU.ActiveCfg = Debug|Any CPU
		{CC825C4E-0F57-4298-A0CB-4566F7A8489C}.Debug|Any CPU.Build.0 = Debug|Any CPU
		{CC825C4E-0F57-4298-A0CB-4566F7A8489C}.Release|Any CPU.ActiveCfg = Release|Any CPU
		{CC825C4E-0F57-4298-A0CB-4566F7A8489C}.Release|Any CPU.Build.0 = Release|Any CPU
		{13C2AF51-DD02-4DED-B57C-E4B25CCF318F}.Debug|Any CPU.ActiveCfg = Debug|Any CPU
		{13C2AF51-DD02-4DED-B57C-E4B25CCF318F}.Debug|Any CPU.Build.0 = Debug|Any CPU
		{13C2AF51-DD02-4DED-B57C-E4B25CCF318F}.Release|Any CPU.ActiveCfg = Release|Any CPU
		{13C2AF51-DD02-4DED-B57C-E4B25CCF318F}.Release|Any CPU.Build.0 = Release|Any CPU
	EndGlobalSection
	GlobalSection(SolutionProperties) = preSolution
		HideSolutionNode = FALSE
	EndGlobalSection
	GlobalSection(ExtensibilityGlobals) = postSolution
		SolutionGuid = {CCB17BC9-82CD-4BCE-9588-5578BF9EEFCC}
	EndGlobalSection
EndGlobal
